// !$*UTF8*$!
{
	archiveVersion = 1;
	classes = {
	};
	objectVersion = 50;
	objects = {

/* Begin PBXBuildFile section */
		D93185DC24549B790050F059 /* AppDelegate.swift in Sources */ = {isa = PBXBuildFile; fileRef = D93185DB24549B790050F059 /* AppDelegate.swift */; };
		D93185DE24549B790050F059 /* SceneDelegate.swift in Sources */ = {isa = PBXBuildFile; fileRef = D93185DD24549B790050F059 /* SceneDelegate.swift */; };
		D93185E024549B790050F059 /* ContentView.swift in Sources */ = {isa = PBXBuildFile; fileRef = D93185DF24549B790050F059 /* ContentView.swift */; };
		D93185E224549B800050F059 /* Assets.xcassets in Resources */ = {isa = PBXBuildFile; fileRef = D93185E124549B800050F059 /* Assets.xcassets */; };
		D93185E524549B800050F059 /* Preview Assets.xcassets in Resources */ = {isa = PBXBuildFile; fileRef = D93185E424549B800050F059 /* Preview Assets.xcassets */; };
		D93185E824549B800050F059 /* LaunchScreen.storyboard in Resources */ = {isa = PBXBuildFile; fileRef = D93185E624549B800050F059 /* LaunchScreen.storyboard */; };
		D93185F224549C0F0050F059 /* UserSettings.swift in Sources */ = {isa = PBXBuildFile; fileRef = D93185F124549C0F0050F059 /* UserSettings.swift */; };
		D93185F424549CD20050F059 /* UserSettingsContentView.swift in Sources */ = {isa = PBXBuildFile; fileRef = D93185F324549CD20050F059 /* UserSettingsContentView.swift */; };
		D93185F724549E390050F059 /* UserAuthentication.swift in Sources */ = {isa = PBXBuildFile; fileRef = D93185F624549E390050F059 /* UserAuthentication.swift */; };
		D93185F924549F080050F059 /* UserAuthenticationContentView.swift in Sources */ = {isa = PBXBuildFile; fileRef = D93185F824549F080050F059 /* UserAuthenticationContentView.swift */; };
/* End PBXBuildFile section */

/* Begin PBXFileReference section */
		D93185D824549B780050F059 /* playWithStates.app */ = {isa = PBXFileReference; explicitFileType = wrapper.application; includeInIndex = 0; path = playWithStates.app; sourceTree = BUILT_PRODUCTS_DIR; };
		D93185DB24549B790050F059 /* AppDelegate.swift */ = {isa = PBXFileReference; lastKnownFileType = sourcecode.swift; path = AppDelegate.swift; sourceTree = "<group>"; };
		D93185DD24549B790050F059 /* SceneDelegate.swift */ = {isa = PBXFileReference; lastKnownFileType = sourcecode.swift; path = SceneDelegate.swift; sourceTree = "<group>"; };
		D93185DF24549B790050F059 /* ContentView.swift */ = {isa = PBXFileReference; lastKnownFileType = sourcecode.swift; path = ContentView.swift; sourceTree = "<group>"; };
		D93185E124549B800050F059 /* Assets.xcassets */ = {isa = PBXFileReference; lastKnownFileType = folder.assetcatalog; path = Assets.xcassets; sourceTree = "<group>"; };
		D93185E424549B800050F059 /* Preview Assets.xcassets */ = {isa = PBXFileReference; lastKnownFileType = folder.assetcatalog; path = "Preview Assets.xcassets"; sourceTree = "<group>"; };
		D93185E724549B800050F059 /* Base */ = {isa = PBXFileReference; lastKnownFileType = file.storyboard; name = Base; path = Base.lproj/LaunchScreen.storyboard; sourceTree = "<group>"; };
		D93185E924549B800050F059 /* Info.plist */ = {isa = PBXFileReference; lastKnownFileType = text.plist.xml; path = Info.plist; sourceTree = "<group>"; };
		D93185F124549C0F0050F059 /* UserSettings.swift */ = {isa = PBXFileReference; lastKnownFileType = sourcecode.swift; path = UserSettings.swift; sourceTree = "<group>"; };
		D93185F324549CD20050F059 /* UserSettingsContentView.swift */ = {isa = PBXFileReference; lastKnownFileType = sourcecode.swift; path = UserSettingsContentView.swift; sourceTree = "<group>"; };
		D93185F624549E390050F059 /* UserAuthentication.swift */ = {isa = PBXFileReference; lastKnownFileType = sourcecode.swift; path = UserAuthentication.swift; sourceTree = "<group>"; };
		D93185F824549F080050F059 /* UserAuthenticationContentView.swift */ = {isa = PBXFileReference; lastKnownFileType = sourcecode.swift; path = UserAuthenticationContentView.swift; sourceTree = "<group>"; };
/* End PBXFileReference section */

/* Begin PBXFrameworksBuildPhase section */
		D93185D524549B780050F059 /* Frameworks */ = {
			isa = PBXFrameworksBuildPhase;
			buildActionMask = 2147483647;
			files = (
			);
			runOnlyForDeploymentPostprocessing = 0;
		};
/* End PBXFrameworksBuildPhase section */

/* Begin PBXGroup section */
		D93185CF24549B780050F059 = {
			isa = PBXGroup;
			children = (
				D93185DA24549B780050F059 /* playWithStates */,
				D93185D924549B780050F059 /* Products */,
			);
			sourceTree = "<group>";
		};
		D93185D924549B780050F059 /* Products */ = {
			isa = PBXGroup;
			children = (
				D93185D824549B780050F059 /* playWithStates.app */,
			);
			name = Products;
			sourceTree = "<group>";
		};
		D93185DA24549B780050F059 /* playWithStates */ = {
			isa = PBXGroup;
			children = (
				D93185EF24549BDF0050F059 /* ObservedObject */,
				D93185DB24549B790050F059 /* AppDelegate.swift */,
				D93185DD24549B790050F059 /* SceneDelegate.swift */,
				D93185DF24549B790050F059 /* ContentView.swift */,
				D93185E124549B800050F059 /* Assets.xcassets */,
				D93185E624549B800050F059 /* LaunchScreen.storyboard */,
				D93185E924549B800050F059 /* Info.plist */,
				D93185E324549B800050F059 /* Preview Content */,
			);
			path = playWithStates;
			sourceTree = "<group>";
		};
		D93185E324549B800050F059 /* Preview Content */ = {
			isa = PBXGroup;
			children = (
				D93185E424549B800050F059 /* Preview Assets.xcassets */,
			);
			path = "Preview Content";
			sourceTree = "<group>";
		};
		D93185EF24549BDF0050F059 /* ObservedObject */ = {
			isa = PBXGroup;
			children = (
				D93185F024549BF00050F059 /* State from external objecs */,
				D93185F524549DEB0050F059 /* ObjectWillChange */,
			);
			path = ObservedObject;
			sourceTree = "<group>";
		};
		D93185F024549BF00050F059 /* State from external objecs */ = {
			isa = PBXGroup;
			children = (
				D93185F124549C0F0050F059 /* UserSettings.swift */,
				D93185F324549CD20050F059 /* UserSettingsContentView.swift */,
			);
			path = "State from external objecs";
			sourceTree = "<group>";
		};
		D93185F524549DEB0050F059 /* ObjectWillChange */ = {
			isa = PBXGroup;
			children = (
				D93185F624549E390050F059 /* UserAuthentication.swift */,
				D93185F824549F080050F059 /* UserAuthenticationContentView.swift */,
			);
			path = ObjectWillChange;
			sourceTree = "<group>";
		};
/* End PBXGroup section */

/* Begin PBXNativeTarget section */
		D93185D724549B780050F059 /* playWithStates */ = {
			isa = PBXNativeTarget;
			buildConfigurationList = D93185EC24549B800050F059 /* Build configuration list for PBXNativeTarget "playWithStates" */;
			buildPhases = (
				D93185D424549B780050F059 /* Sources */,
				D93185D524549B780050F059 /* Frameworks */,
				D93185D624549B780050F059 /* Resources */,
			);
			buildRules = (
			);
			dependencies = (
			);
			name = playWithStates;
			productName = playWithStates;
			productReference = D93185D824549B780050F059 /* playWithStates.app */;
			productType = "com.apple.product-type.application";
		};
/* End PBXNativeTarget section */

/* Begin PBXProject section */
		D93185D024549B780050F059 /* Project object */ = {
			isa = PBXProject;
			attributes = {
				LastSwiftUpdateCheck = 1140;
				LastUpgradeCheck = 1140;
				ORGANIZATIONNAME = Mandaleo;
				TargetAttributes = {
					D93185D724549B780050F059 = {
						CreatedOnToolsVersion = 11.4;
					};
				};
			};
			buildConfigurationList = D93185D324549B780050F059 /* Build configuration list for PBXProject "playWithStates" */;
			compatibilityVersion = "Xcode 9.3";
			developmentRegion = en;
			hasScannedForEncodings = 0;
			knownRegions = (
				en,
				Base,
			);
			mainGroup = D93185CF24549B780050F059;
			productRefGroup = D93185D924549B780050F059 /* Products */;
			projectDirPath = "";
			projectRoot = "";
			targets = (
				D93185D724549B780050F059 /* playWithStates */,
			);
		};
/* End PBXProject section */

/* Begin PBXResourcesBuildPhase section */
		D93185D624549B780050F059 /* Resources */ = {
			isa = PBXResourcesBuildPhase;
			buildActionMask = 2147483647;
			files = (
				D93185E824549B800050F059 /* LaunchScreen.storyboard in Resources */,
				D93185E524549B800050F059 /* Preview Assets.xcassets in Resources */,
				D93185E224549B800050F059 /* Assets.xcassets in Resources */,
			);
			runOnlyForDeploymentPostprocessing = 0;
		};
/* End PBXResourcesBuildPhase section */

/* Begin PBXSourcesBuildPhase section */
		D93185D424549B780050F059 /* Sources */ = {
			isa = PBXSourcesBuildPhase;
			buildActionMask = 2147483647;
			files = (
				D93185F724549E390050F059 /* UserAuthentication.swift in Sources */,
				D93185F424549CD20050F059 /* UserSettingsContentView.swift in Sources */,
				D93185DC24549B790050F059 /* AppDelegate.swift in Sources */,
				D93185F224549C0F0050F059 /* UserSettings.swift in Sources */,
				D93185F924549F080050F059 /* UserAuthenticationContentView.swift in Sources */,
				D93185DE24549B790050F059 /* SceneDelegate.swift in Sources */,
				D93185E024549B790050F059 /* ContentView.swift in Sources */,
			);
			runOnlyForDeploymentPostprocessing = 0;
		};
/* End PBXSourcesBuildPhase section */

/* Begin PBXVariantGroup section */
		D93185E624549B800050F059 /* LaunchScreen.storyboard */ = {
			isa = PBXVariantGroup;
			children = (
				D93185E724549B800050F059 /* Base */,
			);
			name = LaunchScreen.storyboard;
			sourceTree = "<group>";
		};
/* End PBXVariantGroup section */

/* Begin XCBuildConfiguration section */
		D93185EA24549B800050F059 /* Debug */ = {
			isa = XCBuildConfiguration;
			buildSettings = {
				ALWAYS_SEARCH_USER_PATHS = NO;
				CLANG_ANALYZER_NONNULL = YES;
				CLANG_ANALYZER_NUMBER_OBJECT_CONVERSION = YES_AGGRESSIVE;
				CLANG_CXX_LANGUAGE_STANDARD = "gnu++14";
				CLANG_CXX_LIBRARY = "libc++";
				CLANG_ENABLE_MODULES = YES;
				CLANG_ENABLE_OBJC_ARC = YES;
				CLANG_ENABLE_OBJC_WEAK = YES;
				CLANG_WARN_BLOCK_CAPTURE_AUTORELEASING = YES;
				CLANG_WARN_BOOL_CONVERSION = YES;
				CLANG_WARN_COMMA = YES;
				CLANG_WARN_CONSTANT_CONVERSION = YES;
				CLANG_WARN_DEPRECATED_OBJC_IMPLEMENTATIONS = YES;
				CLANG_WARN_DIRECT_OBJC_ISA_USAGE = YES_ERROR;
				CLANG_WARN_DOCUMENTATION_COMMENTS = YES;
				CLANG_WARN_EMPTY_BODY = YES;
				CLANG_WARN_ENUM_CONVERSION = YES;
				CLANG_WARN_INFINITE_RECURSION = YES;
				CLANG_WARN_INT_CONVERSION = YES;
				CLANG_WARN_NON_LITERAL_NULL_CONVERSION = YES;
				CLANG_WARN_OBJC_IMPLICIT_RETAIN_SELF = YES;
				CLANG_WARN_OBJC_LITERAL_CONVERSION = YES;
				CLANG_WARN_OBJC_ROOT_CLASS = YES_ERROR;
				CLANG_WARN_RANGE_LOOP_ANALYSIS = YES;
				CLANG_WARN_STRICT_PROTOTYPES = YES;
				CLANG_WARN_SUSPICIOUS_MOVE = YES;
				CLANG_WARN_UNGUARDED_AVAILABILITY = YES_AGGRESSIVE;
				CLANG_WARN_UNREACHABLE_CODE = YES;
				CLANG_WARN__DUPLICATE_METHOD_MATCH = YES;
				COPY_PHASE_STRIP = NO;
				DEBUG_INFORMATION_FORMAT = dwarf;
				ENABLE_STRICT_OBJC_MSGSEND = YES;
				ENABLE_TESTABILITY = YES;
				GCC_C_LANGUAGE_STANDARD = gnu11;
				GCC_DYNAMIC_NO_PIC = NO;
				GCC_NO_COMMON_BLOCKS = YES;
				GCC_OPTIMIZATION_LEVEL = 0;
				GCC_PREPROCESSOR_DEFINITIONS = (
					"DEBUG=1",
					"$(inherited)",
				);
				GCC_WARN_64_TO_32_BIT_CONVERSION = YES;
				GCC_WARN_ABOUT_RETURN_TYPE = YES_ERROR;
				GCC_WARN_UNDECLARED_SELECTOR = YES;
				GCC_WARN_UNINITIALIZED_AUTOS = YES_AGGRESSIVE;
				GCC_WARN_UNUSED_FUNCTION = YES;
				GCC_WARN_UNUSED_VARIABLE = YES;
				IPHONEOS_DEPLOYMENT_TARGET = 13.4;
				MTL_ENABLE_DEBUG_INFO = INCLUDE_SOURCE;
				MTL_FAST_MATH = YES;
				ONLY_ACTIVE_ARCH = YES;
				SDKROOT = iphoneos;
				SWIFT_ACTIVE_COMPILATION_CONDITIONS = DEBUG;
				SWIFT_OPTIMIZATION_LEVEL = "-Onone";
			};
			name = Debug;
		};
		D93185EB24549B800050F059 /* Release */ = {
			isa = XCBuildConfiguration;
			buildSettings = {
				ALWAYS_SEARCH_USER_PATHS = NO;
				CLANG_ANALYZER_NONNULL = YES;
				CLANG_ANALYZER_NUMBER_OBJECT_CONVERSION = YES_AGGRESSIVE;
				CLANG_CXX_LANGUAGE_STANDARD = "gnu++14";
				CLANG_CXX_LIBRARY = "libc++";
				CLANG_ENABLE_MODULES = YES;
				CLANG_ENABLE_OBJC_ARC = YES;
				CLANG_ENABLE_OBJC_WEAK = YES;
				CLANG_WARN_BLOCK_CAPTURE_AUTORELEASING = YES;
				CLANG_WARN_BOOL_CONVERSION = YES;
				CLANG_WARN_COMMA = YES;
				CLANG_WARN_CONSTANT_CONVERSION = YES;
				CLANG_WARN_DEPRECATED_OBJC_IMPLEMENTATIONS = YES;
				CLANG_WARN_DIRECT_OBJC_ISA_USAGE = YES_ERROR;
				CLANG_WARN_DOCUMENTATION_COMMENTS = YES;
				CLANG_WARN_EMPTY_BODY = YES;
				CLANG_WARN_ENUM_CONVERSION = YES;
				CLANG_WARN_INFINITE_RECURSION = YES;
				CLANG_WARN_INT_CONVERSION = YES;
				CLANG_WARN_NON_LITERAL_NULL_CONVERSION = YES;
				CLANG_WARN_OBJC_IMPLICIT_RETAIN_SELF = YES;
				CLANG_WARN_OBJC_LITERAL_CONVERSION = YES;
				CLANG_WARN_OBJC_ROOT_CLASS = YES_ERROR;
				CLANG_WARN_RANGE_LOOP_ANALYSIS = YES;
				CLANG_WARN_STRICT_PROTOTYPES = YES;
				CLANG_WARN_SUSPICIOUS_MOVE = YES;
				CLANG_WARN_UNGUARDED_AVAILABILITY = YES_AGGRESSIVE;
				CLANG_WARN_UNREACHABLE_CODE = YES;
				CLANG_WARN__DUPLICATE_METHOD_MATCH = YES;
				COPY_PHASE_STRIP = NO;
				DEBUG_INFORMATION_FORMAT = "dwarf-with-dsym";
				ENABLE_NS_ASSERTIONS = NO;
				ENABLE_STRICT_OBJC_MSGSEND = YES;
				GCC_C_LANGUAGE_STANDARD = gnu11;
				GCC_NO_COMMON_BLOCKS = YES;
				GCC_WARN_64_TO_32_BIT_CONVERSION = YES;
				GCC_WARN_ABOUT_RETURN_TYPE = YES_ERROR;
				GCC_WARN_UNDECLARED_SELECTOR = YES;
				GCC_WARN_UNINITIALIZED_AUTOS = YES_AGGRESSIVE;
				GCC_WARN_UNUSED_FUNCTION = YES;
				GCC_WARN_UNUSED_VARIABLE = YES;
				IPHONEOS_DEPLOYMENT_TARGET = 13.4;
				MTL_ENABLE_DEBUG_INFO = NO;
				MTL_FAST_MATH = YES;
				SDKROOT = iphoneos;
				SWIFT_COMPILATION_MODE = wholemodule;
				SWIFT_OPTIMIZATION_LEVEL = "-O";
				VALIDATE_PRODUCT = YES;
			};
			name = Release;
		};
		D93185ED24549B800050F059 /* Debug */ = {
			isa = XCBuildConfiguration;
			buildSettings = {
				ASSETCATALOG_COMPILER_APPICON_NAME = AppIcon;
				CODE_SIGN_STYLE = Automatic;
				DEVELOPMENT_ASSET_PATHS = "\"playWithStates/Preview Content\"";
				DEVELOPMENT_TEAM = BUS8BGZ883;
				ENABLE_PREVIEWS = YES;
				INFOPLIST_FILE = playWithStates/Info.plist;
				LD_RUNPATH_SEARCH_PATHS = (
					"$(inherited)",
					"@executable_path/Frameworks",
				);
				PRODUCT_BUNDLE_IDENTIFIER = com.mandaleo.playWithStates;
				PRODUCT_NAME = "$(TARGET_NAME)";
				SWIFT_VERSION = 5.0;
				TARGETED_DEVICE_FAMILY = "1,2";
			};
			name = Debug;
		};
		D93185EE24549B800050F059 /* Release */ = {
			isa = XCBuildConfiguration;
			buildSettings = {
				ASSETCATALOG_COMPILER_APPICON_NAME = AppIcon;
				CODE_SIGN_STYLE = Automatic;
				DEVELOPMENT_ASSET_PATHS = "\"playWithStates/Preview Content\"";
				DEVELOPMENT_TEAM = BUS8BGZ883;
				ENABLE_PREVIEWS = YES;
				INFOPLIST_FILE = playWithStates/Info.plist;
				LD_RUNPATH_SEARCH_PATHS = (
					"$(inherited)",
					"@executable_path/Frameworks",
				);
				PRODUCT_BUNDLE_IDENTIFIER = com.mandaleo.playWithStates;
				PRODUCT_NAME = "$(TARGET_NAME)";
				SWIFT_VERSION = 5.0;
				TARGETED_DEVICE_FAMILY = "1,2";
			};
			name = Release;
		};
/* End XCBuildConfiguration section */

/* Begin XCConfigurationList section */
		D93185D324549B780050F059 /* Build configuration list for PBXProject "playWithStates" */ = {
			isa = XCConfigurationList;
			buildConfigurations = (
				D93185EA24549B800050F059 /* Debug */,
				D93185EB24549B800050F059 /* Release */,
			);
			defaultConfigurationIsVisible = 0;
			defaultConfigurationName = Release;
		};
		D93185EC24549B800050F059 /* Build configuration list for PBXNativeTarget "playWithStates" */ = {
			isa = XCConfigurationList;
			buildConfigurations = (
				D93185ED24549B800050F059 /* Debug */,
				D93185EE24549B800050F059 /* Release */,
			);
			defaultConfigurationIsVisible = 0;
			defaultConfigurationName = Release;
		};
/* End XCConfigurationList section */
	};
	rootObject = D93185D024549B780050F059 /* Project object */;
}
